
Microsoft Visual Studio Solution File, Format Version 12.00
# Visual Studio 15
VisualStudioVersion = 15.0.28307.168
MinimumVisualStudioVersion = 10.0.40219.1
Project("{FAE04EC0-301F-11D3-BF4B-00C04F79EFBC}") = "WindowsFormGraphicsApp", "WindowsFormGraphicsApp\WindowsFormGraphicsApp.csproj", "{DC49692F-93F0-488C-942B-ADBA83660899}"
EndProject
Global
	GlobalSection(SolutionConfigurationPlatforms) = preSolution
		Debug|Any CPU = Debug|Any CPU
		Release|Any CPU = Release|Any CPU
	EndGlobalSection
	GlobalSection(ProjectConfigurationPlatforms) = postSolution
		{DC49692F-93F0-488C-942B-ADBA83660899}.Debug|Any CPU.ActiveCfg = Debug|Any CPU
		{DC49692F-93F0-488C-942B-ADBA83660899}.Debug|Any CPU.Build.0 = Debug|Any CPU
		{DC49692F-93F0-488C-942B-ADBA83660899}.Release|Any CPU.ActiveCfg = Release|Any CPU
		{DC49692F-93F0-488C-942B-ADBA83660899}.Release|Any CPU.Build.0 = Release|Any CPU
	EndGlobalSection
	GlobalSection(SolutionProperties) = preSolution
		HideSolutionNode = FALSE
	EndGlobalSection
	GlobalSection(ExtensibilityGlobals) = postSolution
		SolutionGuid = {C9C139C6-1ABC-4174-A936-348CD4E9CD61}
	EndGlobalSection
EndGlobal
